
Microsoft Visual Studio Solution File, Format Version 12.00
# Visual Studio Version 17
VisualStudioVersion = 17.0.31912.275
MinimumVisualStudioVersion = 10.0.40219.1
Project("{9A19103F-16F7-4668-BE54-9A1E7A4F7556}") = "DataAccess", "DataAccess\DataAccess.csproj", "{06A7F9DD-FF77-4789-AD68-53DF1194AE9B}"
EndProject
Project("{9A19103F-16F7-4668-BE54-9A1E7A4F7556}") = "Business", "Business\Business.csproj", "{833C9501-6526-44D9-B69B-F93B77B520C9}"
EndProject
Project("{9A19103F-16F7-4668-BE54-9A1E7A4F7556}") = "Entities", "Entities\Entities.csproj", "{77FAE001-F6CE-4C4A-B5E5-7381795028BD}"
EndProject
Project("{9A19103F-16F7-4668-BE54-9A1E7A4F7556}") = "Core", "Core\Core.csproj", "{EC7F5903-301D-4BB9-B3D8-42385B6D2C4B}"
EndProject
Project("{FAE04EC0-301F-11D3-BF4B-00C04F79EFBC}") = "ConsoleUI", "ConsoleUI\ConsoleUI.csproj", "{84086B61-0B47-4C38-8C0F-760D7FECD877}"
EndProject
Global
	GlobalSection(SolutionConfigurationPlatforms) = preSolution
		Debug|Any CPU = Debug|Any CPU
		Release|Any CPU = Release|Any CPU
	EndGlobalSection
	GlobalSection(ProjectConfigurationPlatforms) = postSolution
		{06A7F9DD-FF77-4789-AD68-53DF1194AE9B}.Debug|Any CPU.ActiveCfg = Debug|Any CPU
		{06A7F9DD-FF77-4789-AD68-53DF1194AE9B}.Debug|Any CPU.Build.0 = Debug|Any CPU
		{06A7F9DD-FF77-4789-AD68-53DF1194AE9B}.Release|Any CPU.ActiveCfg = Release|Any CPU
		{06A7F9DD-FF77-4789-AD68-53DF1194AE9B}.Release|Any CPU.Build.0 = Release|Any CPU
		{833C9501-6526-44D9-B69B-F93B77B520C9}.Debug|Any CPU.ActiveCfg = Debug|Any CPU
		{833C9501-6526-44D9-B69B-F93B77B520C9}.Debug|Any CPU.Build.0 = Debug|Any CPU
		{833C9501-6526-44D9-B69B-F93B77B520C9}.Release|Any CPU.ActiveCfg = Release|Any CPU
		{833C9501-6526-44D9-B69B-F93B77B520C9}.Release|Any CPU.Build.0 = Release|Any CPU
		{77FAE001-F6CE-4C4A-B5E5-7381795028BD}.Debug|Any CPU.ActiveCfg = Debug|Any CPU
		{77FAE001-F6CE-4C4A-B5E5-7381795028BD}.Debug|Any CPU.Build.0 = Debug|Any CPU
		{77FAE001-F6CE-4C4A-B5E5-7381795028BD}.Release|Any CPU.ActiveCfg = Release|Any CPU
		{77FAE001-F6CE-4C4A-B5E5-7381795028BD}.Release|Any CPU.Build.0 = Release|Any CPU
		{EC7F5903-301D-4BB9-B3D8-42385B6D2C4B}.Debug|Any CPU.ActiveCfg = Debug|Any CPU
		{EC7F5903-301D-4BB9-B3D8-42385B6D2C4B}.Debug|Any CPU.Build.0 = Debug|Any CPU
		{EC7F5903-301D-4BB9-B3D8-42385B6D2C4B}.Release|Any CPU.ActiveCfg = Release|Any CPU
		{EC7F5903-301D-4BB9-B3D8-42385B6D2C4B}.Release|Any CPU.Build.0 = Release|Any CPU
		{84086B61-0B47-4C38-8C0F-760D7FECD877}.Debug|Any CPU.ActiveCfg = Debug|Any CPU
		{84086B61-0B47-4C38-8C0F-760D7FECD877}.Debug|Any CPU.Build.0 = Debug|Any CPU
		{84086B61-0B47-4C38-8C0F-760D7FECD877}.Release|Any CPU.ActiveCfg = Release|Any CPU
		{84086B61-0B47-4C38-8C0F-760D7FECD877}.Release|Any CPU.Build.0 = Release|Any CPU
	EndGlobalSection
	GlobalSection(SolutionProperties) = preSolution
		HideSolutionNode = FALSE
	EndGlobalSection
	GlobalSection(ExtensibilityGlobals) = postSolution
		SolutionGuid = {46FC809E-70EE-4D2C-A2D1-A78190D60CDF}
	EndGlobalSection
EndGlobal
